
Microsoft Visual Studio Solution File, Format Version 12.00
# Visual Studio Version 17
VisualStudioVersion = 17.9.34622.214
MinimumVisualStudioVersion = 10.0.40219.1
Project("{FAE04EC0-301F-11D3-BF4B-00C04F79EFBC}") = "WindowsFormsApp1", "WindowsFormsApp1\WindowsFormsApp1.csproj", "{914F63A3-EA3E-4880-B307-3A596C8A5E45}"
EndProject
Project("{FAE04EC0-301F-11D3-BF4B-00C04F79EFBC}") = "loggin", "loggin\loggin.csproj", "{65033758-7B5C-4DFF-BB07-F31F7F5E2630}"
EndProject
Project("{FAE04EC0-301F-11D3-BF4B-00C04F79EFBC}") = "user theme", "user theme\user theme.csproj", "{F17B37DE-18B1-45EB-93E8-A77CD20AD22A}"
EndProject
Global
	GlobalSection(SolutionConfigurationPlatforms) = preSolution
		Debug|Any CPU = Debug|Any CPU
		Release|Any CPU = Release|Any CPU
	EndGlobalSection
	GlobalSection(ProjectConfigurationPlatforms) = postSolution
		{914F63A3-EA3E-4880-B307-3A596C8A5E45}.Debug|Any CPU.ActiveCfg = Debug|Any CPU
		{914F63A3-EA3E-4880-B307-3A596C8A5E45}.Debug|Any CPU.Build.0 = Debug|Any CPU
		{914F63A3-EA3E-4880-B307-3A596C8A5E45}.Release|Any CPU.ActiveCfg = Release|Any CPU
		{914F63A3-EA3E-4880-B307-3A596C8A5E45}.Release|Any CPU.Build.0 = Release|Any CPU
		{65033758-7B5C-4DFF-BB07-F31F7F5E2630}.Debug|Any CPU.ActiveCfg = Debug|Any CPU
		{65033758-7B5C-4DFF-BB07-F31F7F5E2630}.Debug|Any CPU.Build.0 = Debug|Any CPU
		{65033758-7B5C-4DFF-BB07-F31F7F5E2630}.Release|Any CPU.ActiveCfg = Release|Any CPU
		{65033758-7B5C-4DFF-BB07-F31F7F5E2630}.Release|Any CPU.Build.0 = Release|Any CPU
		{F17B37DE-18B1-45EB-93E8-A77CD20AD22A}.Debug|Any CPU.ActiveCfg = Debug|Any CPU
		{F17B37DE-18B1-45EB-93E8-A77CD20AD22A}.Debug|Any CPU.Build.0 = Debug|Any CPU
		{F17B37DE-18B1-45EB-93E8-A77CD20AD22A}.Release|Any CPU.ActiveCfg = Release|Any CPU
		{F17B37DE-18B1-45EB-93E8-A77CD20AD22A}.Release|Any CPU.Build.0 = Release|Any CPU
	EndGlobalSection
	GlobalSection(SolutionProperties) = preSolution
		HideSolutionNode = FALSE
	EndGlobalSection
	GlobalSection(ExtensibilityGlobals) = postSolution
		SolutionGuid = {6605C7C2-8C54-4A76-AE72-27D359DCF290}
	EndGlobalSection
EndGlobal
